{
  "name": "npm-package-zala",
  "version": "1.0.0",
  "lockfileVersion": 2,
  "requires": true,
  "packages": {
    "": {
      "name": "npm-package-zala",
      "version": "1.0.0",
      "license": "ISC",
      "dependencies": {
        "npm-package-zala": "^1.0.0"
      }
    },
    "node_modules/npm-package-zala": {
      "version": "1.0.0",
      "resolved": "https://registry.npmjs.org/npm-package-zala/-/npm-package-zala-1.0.0.tgz",
      "integrity": "sha512-H9XjMFWmsJ1Gg4SjiajQ3z84qAyPpUIKjpR4fYbuls3X7WmmHGWtG2xtn/MN3/0sj8UckkdAObFr1vfiGPCxNw=="
    }
  },
  "dependencies": {
    "npm-package-zala": {
      "version": "1.0.0",
      "resolved": "https://registry.npmjs.org/npm-package-zala/-/npm-package-zala-1.0.0.tgz",
      "integrity": "sha512-H9XjMFWmsJ1Gg4SjiajQ3z84qAyPpUIKjpR4fYbuls3X7WmmHGWtG2xtn/MN3/0sj8UckkdAObFr1vfiGPCxNw=="
    }
  }
}
